{
  "name": "template",
  "version": "1.0.0",
  "lockfileVersion": 1,
  "requires": true,
  "dependencies": {
    "async-validator": {
      "version": "1.8.5",
      "resolved": "http://registry.npm.taobao.org/async-validator/download/async-validator-1.8.5.tgz",
      "dependencies": {
        "babel-runtime": {
          "version": "http://registry.npm.taobao.org/babel-runtime/download/babel-runtime-6.26.0.tgz",
          "bundled": true
        }
      }
    },
    "normalize-wheel": {
      "version": "1.0.1",
      "resolved": "http://registry.npm.taobao.org/normalize-wheel/download/normalize-wheel-1.0.1.tgz"
    },
    "throttle-debounce": {
      "version": "1.1.0",
      "resolved": "http://registry.npm.taobao.org/throttle-debounce/download/throttle-debounce-1.1.0.tgz"
    },
    "vuepress-theme-indigo-materia": {
      "version": "1.0.0",
      "resolved": "https://registry.npmjs.org/vuepress-theme-indigo-materia/-/vuepress-theme-indigo-materia-1.0.0.tgz",
      "integrity": "sha512-PP1AyCeOMjl6fF0XKAHzQfxd8cR+3uHRJDrdX1lK+4fJtAob+9uwA9oVJZRXaKNN8PbYiYQ1naY3uEwwvEGEeQ==",
      "requires": {
        "element-ui": "^2.5.4"
      },
      "dependencies": {
        "babel-helper-vue-jsx-merge-props": {
          "version": "2.0.3",
          "resolved": "https://registry.npmjs.org/babel-helper-vue-jsx-merge-props/-/babel-helper-vue-jsx-merge-props-2.0.3.tgz",
          "integrity": "sha512-gsLiKK7Qrb7zYJNgiXKpXblxbV5ffSwR0f5whkPAaBAR4fhi6bwRZxX9wBlIc5M/v8CCkXUbXZL4N/nSE97cqg=="
        },
        "deepmerge": {
          "version": "1.5.2",
          "resolved": "https://registry.npmjs.org/deepmerge/-/deepmerge-1.5.2.tgz",
          "integrity": "sha512-95k0GDqvBjZavkuvzx/YqVLv/6YYa17fz6ILMSf7neqQITCPbnfEnQvEgMPNjH4kgobe7+WIL0yJEHku+H3qtQ=="
        },
        "element-ui": {
          "version": "2.5.4",
          "resolved": "https://registry.npmjs.org/element-ui/-/element-ui-2.5.4.tgz",
          "integrity": "sha512-VlyPZ1A2VtVJdnu9nUV+u/eGhKaEF+IoENbDgNlUza0Slj6Jb0bC9mzK95JK2g7QSe8YXUWhQVy+d2kZUE2oKQ==",
          "requires": {
            "async-validator": "~1.8.1",
            "babel-helper-vue-jsx-merge-props": "^2.0.0",
            "deepmerge": "^1.2.0",
            "normalize-wheel": "^1.0.1",
            "resize-observer-polyfill": "^1.5.0",
            "throttle-debounce": "^1.0.1"
          }
        },
        "resize-observer-polyfill": {
          "version": "1.5.1",
          "resolved": "https://registry.npmjs.org/resize-observer-polyfill/-/resize-observer-polyfill-1.5.1.tgz",
          "integrity": "sha512-LwZrotdHOo12nQuZlHEmtuXdqGoOD0OhaxopaNFxWzInpEgaLWoVuAMbTzixuosCx2nEG58ngzW3vxdWoxIgdg=="
        }
      }
    }
  }
}
